# This file is autogenerated, do not edit; changes may be undone by the next 'dep ensure'.


[[projects]]
  name = "github.com/coreos/bbolt"
  packages = ["."]
  revision = "583e8937c61f1af6513608ccc75c97b6abdf4ff9"
  version = "v1.3.0"

[[projects]]
  branch = "master"
  name = "github.com/mandykoh/keva"
  packages = ["."]
  revision = "5768da4b0e4e75607a93fd9b43d7e95208a3a39e"

[[projects]]
  branch = "master"
  name = "github.com/mandykoh/symlock"
  packages = ["."]
  revision = "71d80ff601aabea28052f0c57d6db3cbd48a8d2c"

[[projects]]
  branch = "master"
  name = "golang.org/x/sys"
  packages = ["unix"]
  revision = "37707fdb30a5b38865cfb95e5aab41707daec7fd"

[solve-meta]
  analyzer-name = "dep"
  analyzer-version = 1
  inputs-digest = "da825ef9bdae70c0e6b2cfe84575b613f4dce154f55c21c119ae9864b208062e"
  solver-name = "gps-cdcl"
  solver-version = 1
